// !$*UTF8*$!
{
	archiveVersion = 1;
	classes = {
	};
	objectVersion = 50;
	objects = {

/* Begin PBXBuildFile section */
		830B6B27251A154E00BD53E4 /* DatabaseProtocol.swift in Sources */ = {isa = PBXBuildFile; fileRef = 830B6B26251A154E00BD53E4 /* DatabaseProtocol.swift */; };
		830B6B29251A171E00BD53E4 /* MulticastDelegate.swift in Sources */ = {isa = PBXBuildFile; fileRef = 830B6B28251A171E00BD53E4 /* MulticastDelegate.swift */; };
		830B6B2B251A17DE00BD53E4 /* CoreDataController.swift in Sources */ = {isa = PBXBuildFile; fileRef = 830B6B2A251A17DE00BD53E4 /* CoreDataController.swift */; };
		832748412608BFF900D8E547 /* SubjectsTableViewController.swift in Sources */ = {isa = PBXBuildFile; fileRef = 832748402608BFF900D8E547 /* SubjectsTableViewController.swift */; };
		83297FA2250ADC6200EC25FD /* AppDelegate.swift in Sources */ = {isa = PBXBuildFile; fileRef = 83297FA1250ADC6200EC25FD /* AppDelegate.swift */; };
		83297FA4250ADC6200EC25FD /* SceneDelegate.swift in Sources */ = {isa = PBXBuildFile; fileRef = 83297FA3250ADC6200EC25FD /* SceneDelegate.swift */; };
		83297FA9250ADC6200EC25FD /* Main.storyboard in Resources */ = {isa = PBXBuildFile; fileRef = 83297FA7250ADC6200EC25FD /* Main.storyboard */; };
		83297FAB250ADC6500EC25FD /* Assets.xcassets in Resources */ = {isa = PBXBuildFile; fileRef = 83297FAA250ADC6500EC25FD /* Assets.xcassets */; };
		83297FAE250ADC6500EC25FD /* LaunchScreen.storyboard in Resources */ = {isa = PBXBuildFile; fileRef = 83297FAC250ADC6500EC25FD /* LaunchScreen.storyboard */; };
		83297FC0250B3E7900EC25FD /* UnitViewController.swift in Sources */ = {isa = PBXBuildFile; fileRef = 83297FBD250B3E7900EC25FD /* UnitViewController.swift */; };
		83297FC1250B3E7900EC25FD /* HomeViewController.swift in Sources */ = {isa = PBXBuildFile; fileRef = 83297FBE250B3E7900EC25FD /* HomeViewController.swift */; };
		83297FC2250B3E7900EC25FD /* UnitTableViewCell.swift in Sources */ = {isa = PBXBuildFile; fileRef = 83297FBF250B3E7900EC25FD /* UnitTableViewCell.swift */; };
		834C941626496AEB0092771A /* CalculationCollectionViewCell.swift in Sources */ = {isa = PBXBuildFile; fileRef = 834C941526496AEB0092771A /* CalculationCollectionViewCell.swift */; };
		8372D72A266C666800423EE1 /* SettingsViewController.swift in Sources */ = {isa = PBXBuildFile; fileRef = 8372D729266C666800423EE1 /* SettingsViewController.swift */; };
		8372D72B266C6CA200423EE1 /* Academica.xcdatamodeld in Resources */ = {isa = PBXBuildFile; fileRef = 830B6B1A251A128900BD53E4 /* Academica.xcdatamodeld */; };
		8372D73C266C87BE00423EE1 /* Student+CoreDataClass.swift in Sources */ = {isa = PBXBuildFile; fileRef = 8372D738266C87BE00423EE1 /* Student+CoreDataClass.swift */; };
		8372D73D266C87BE00423EE1 /* Student+CoreDataProperties.swift in Sources */ = {isa = PBXBuildFile; fileRef = 8372D739266C87BE00423EE1 /* Student+CoreDataProperties.swift */; };
		8372D73E266C87BE00423EE1 /* Subject+CoreDataClass.swift in Sources */ = {isa = PBXBuildFile; fileRef = 8372D73A266C87BE00423EE1 /* Subject+CoreDataClass.swift */; };
		8372D73F266C87BE00423EE1 /* Subject+CoreDataProperties.swift in Sources */ = {isa = PBXBuildFile; fileRef = 8372D73B266C87BE00423EE1 /* Subject+CoreDataProperties.swift */; };
		8372D741266C957200423EE1 /* HomeInfoTableViewCell.swift in Sources */ = {isa = PBXBuildFile; fileRef = 8372D740266C957200423EE1 /* HomeInfoTableViewCell.swift */; };
		8390684F266D08BF00BB65E8 /* PresetsViewController.swift in Sources */ = {isa = PBXBuildFile; fileRef = 8390684E266D08BF00BB65E8 /* PresetsViewController.swift */; };
		83906851266D091500BB65E8 /* WeightingTableViewCell.swift in Sources */ = {isa = PBXBuildFile; fileRef = 83906850266D091500BB65E8 /* WeightingTableViewCell.swift */; };
		83906853266D0A4C00BB65E8 /* PresetsCollectionViewCell.swift in Sources */ = {isa = PBXBuildFile; fileRef = 83906852266D0A4C00BB65E8 /* PresetsCollectionViewCell.swift */; };
		83906861266D13E200BB65E8 /* University+CoreDataClass.swift in Sources */ = {isa = PBXBuildFile; fileRef = 8390685F266D13E200BB65E8 /* University+CoreDataClass.swift */; };
		83906862266D13E200BB65E8 /* University+CoreDataProperties.swift in Sources */ = {isa = PBXBuildFile; fileRef = 83906860266D13E200BB65E8 /* University+CoreDataProperties.swift */; };
/* End PBXBuildFile section */

/* Begin PBXFileReference section */
		830B6B1B251A128900BD53E4 /* Academica.xcdatamodel */ = {isa = PBXFileReference; lastKnownFileType = wrapper.xcdatamodel; path = Academica.xcdatamodel; sourceTree = "<group>"; };
		830B6B26251A154E00BD53E4 /* DatabaseProtocol.swift */ = {isa = PBXFileReference; lastKnownFileType = sourcecode.swift; path = DatabaseProtocol.swift; sourceTree = "<group>"; };
		830B6B28251A171E00BD53E4 /* MulticastDelegate.swift */ = {isa = PBXFileReference; lastKnownFileType = sourcecode.swift; path = MulticastDelegate.swift; sourceTree = "<group>"; };
		830B6B2A251A17DE00BD53E4 /* CoreDataController.swift */ = {isa = PBXFileReference; lastKnownFileType = sourcecode.swift; path = CoreDataController.swift; sourceTree = "<group>"; };
		832748402608BFF900D8E547 /* SubjectsTableViewController.swift */ = {isa = PBXFileReference; lastKnownFileType = sourcecode.swift; path = SubjectsTableViewController.swift; sourceTree = "<group>"; };
		83297F9E250ADC6200EC25FD /* Academica.app */ = {isa = PBXFileReference; explicitFileType = wrapper.application; includeInIndex = 0; path = Academica.app; sourceTree = BUILT_PRODUCTS_DIR; };
		83297FA1250ADC6200EC25FD /* AppDelegate.swift */ = {isa = PBXFileReference; lastKnownFileType = sourcecode.swift; path = AppDelegate.swift; sourceTree = "<group>"; };
		83297FA3250ADC6200EC25FD /* SceneDelegate.swift */ = {isa = PBXFileReference; lastKnownFileType = sourcecode.swift; path = SceneDelegate.swift; sourceTree = "<group>"; };
		83297FA8250ADC6200EC25FD /* Base */ = {isa = PBXFileReference; lastKnownFileType = file.storyboard; name = Base; path = Base.lproj/Main.storyboard; sourceTree = "<group>"; };
		83297FAA250ADC6500EC25FD /* Assets.xcassets */ = {isa = PBXFileReference; lastKnownFileType = folder.assetcatalog; path = Assets.xcassets; sourceTree = "<group>"; };
		83297FAD250ADC6500EC25FD /* Base */ = {isa = PBXFileReference; lastKnownFileType = file.storyboard; name = Base; path = Base.lproj/LaunchScreen.storyboard; sourceTree = "<group>"; };
		83297FAF250ADC6500EC25FD /* Info.plist */ = {isa = PBXFileReference; lastKnownFileType = text.plist.xml; path = Info.plist; sourceTree = "<group>"; };
		83297FBD250B3E7900EC25FD /* UnitViewController.swift */ = {isa = PBXFileReference; fileEncoding = 4; lastKnownFileType = sourcecode.swift; path = UnitViewController.swift; sourceTree = "<group>"; };
		83297FBE250B3E7900EC25FD /* HomeViewController.swift */ = {isa = PBXFileReference; fileEncoding = 4; lastKnownFileType = sourcecode.swift; path = HomeViewController.swift; sourceTree = "<group>"; };
		83297FBF250B3E7900EC25FD /* UnitTableViewCell.swift */ = {isa = PBXFileReference; fileEncoding = 4; lastKnownFileType = sourcecode.swift; path = UnitTableViewCell.swift; sourceTree = "<group>"; };
		834C941526496AEB0092771A /* CalculationCollectionViewCell.swift */ = {isa = PBXFileReference; lastKnownFileType = sourcecode.swift; path = CalculationCollectionViewCell.swift; sourceTree = "<group>"; };
		8372D729266C666800423EE1 /* SettingsViewController.swift */ = {isa = PBXFileReference; lastKnownFileType = sourcecode.swift; path = SettingsViewController.swift; sourceTree = "<group>"; };
		8372D738266C87BE00423EE1 /* Student+CoreDataClass.swift */ = {isa = PBXFileReference; lastKnownFileType = sourcecode.swift; path = "Student+CoreDataClass.swift"; sourceTree = "<group>"; };
		8372D739266C87BE00423EE1 /* Student+CoreDataProperties.swift */ = {isa = PBXFileReference; lastKnownFileType = sourcecode.swift; path = "Student+CoreDataProperties.swift"; sourceTree = "<group>"; };
		8372D73A266C87BE00423EE1 /* Subject+CoreDataClass.swift */ = {isa = PBXFileReference; lastKnownFileType = sourcecode.swift; path = "Subject+CoreDataClass.swift"; sourceTree = "<group>"; };
		8372D73B266C87BE00423EE1 /* Subject+CoreDataProperties.swift */ = {isa = PBXFileReference; lastKnownFileType = sourcecode.swift; path = "Subject+CoreDataProperties.swift"; sourceTree = "<group>"; };
		8372D740266C957200423EE1 /* HomeInfoTableViewCell.swift */ = {isa = PBXFileReference; lastKnownFileType = sourcecode.swift; path = HomeInfoTableViewCell.swift; sourceTree = "<group>"; };
		8390684E266D08BF00BB65E8 /* PresetsViewController.swift */ = {isa = PBXFileReference; lastKnownFileType = sourcecode.swift; path = PresetsViewController.swift; sourceTree = "<group>"; };
		83906850266D091500BB65E8 /* WeightingTableViewCell.swift */ = {isa = PBXFileReference; lastKnownFileType = sourcecode.swift; path = WeightingTableViewCell.swift; sourceTree = "<group>"; };
		83906852266D0A4C00BB65E8 /* PresetsCollectionViewCell.swift */ = {isa = PBXFileReference; lastKnownFileType = sourcecode.swift; path = PresetsCollectionViewCell.swift; sourceTree = "<group>"; };
		8390685F266D13E200BB65E8 /* University+CoreDataClass.swift */ = {isa = PBXFileReference; lastKnownFileType = sourcecode.swift; path = "University+CoreDataClass.swift"; sourceTree = "<group>"; };
		83906860266D13E200BB65E8 /* University+CoreDataProperties.swift */ = {isa = PBXFileReference; lastKnownFileType = sourcecode.swift; path = "University+CoreDataProperties.swift"; sourceTree = "<group>"; };
/* End PBXFileReference section */

/* Begin PBXFrameworksBuildPhase section */
		83297F9B250ADC6200EC25FD /* Frameworks */ = {
			isa = PBXFrameworksBuildPhase;
			buildActionMask = 2147483647;
			files = (
			);
			runOnlyForDeploymentPostprocessing = 0;
		};
/* End PBXFrameworksBuildPhase section */

/* Begin PBXGroup section */
		830B6B19251A127100BD53E4 /* DataModel */ = {
			isa = PBXGroup;
			children = (
				8390685F266D13E200BB65E8 /* University+CoreDataClass.swift */,
				83906860266D13E200BB65E8 /* University+CoreDataProperties.swift */,
				8372D738266C87BE00423EE1 /* Student+CoreDataClass.swift */,
				8372D739266C87BE00423EE1 /* Student+CoreDataProperties.swift */,
				8372D73A266C87BE00423EE1 /* Subject+CoreDataClass.swift */,
				8372D73B266C87BE00423EE1 /* Subject+CoreDataProperties.swift */,
				830B6B1A251A128900BD53E4 /* Academica.xcdatamodeld */,
			);
			path = DataModel;
			sourceTree = "<group>";
		};
		830B6B25251A153900BD53E4 /* Database */ = {
			isa = PBXGroup;
			children = (
				830B6B26251A154E00BD53E4 /* DatabaseProtocol.swift */,
				830B6B28251A171E00BD53E4 /* MulticastDelegate.swift */,
				830B6B2A251A17DE00BD53E4 /* CoreDataController.swift */,
			);
			path = Database;
			sourceTree = "<group>";
		};
		83297F95250ADC6200EC25FD = {
			isa = PBXGroup;
			children = (
				83297FA0250ADC6200EC25FD /* Academica */,
				83297F9F250ADC6200EC25FD /* Products */,
			);
			sourceTree = "<group>";
		};
		83297F9F250ADC6200EC25FD /* Products */ = {
			isa = PBXGroup;
			children = (
				83297F9E250ADC6200EC25FD /* Academica.app */,
			);
			name = Products;
			sourceTree = "<group>";
		};
		83297FA0250ADC6200EC25FD /* Academica */ = {
			isa = PBXGroup;
			children = (
				830B6B25251A153900BD53E4 /* Database */,
				830B6B19251A127100BD53E4 /* DataModel */,
				83297FC3250B3E7E00EC25FD /* ViewControllers */,
				83297FA1250ADC6200EC25FD /* AppDelegate.swift */,
				83297FA3250ADC6200EC25FD /* SceneDelegate.swift */,
				83297FA7250ADC6200EC25FD /* Main.storyboard */,
				83297FAA250ADC6500EC25FD /* Assets.xcassets */,
				83297FAC250ADC6500EC25FD /* LaunchScreen.storyboard */,
				83297FAF250ADC6500EC25FD /* Info.plist */,
			);
			path = Academica;
			sourceTree = "<group>";
		};
		83297FC3250B3E7E00EC25FD /* ViewControllers */ = {
			isa = PBXGroup;
			children = (
				83297FBE250B3E7900EC25FD /* HomeViewController.swift */,
				83906850266D091500BB65E8 /* WeightingTableViewCell.swift */,
				83297FBF250B3E7900EC25FD /* UnitTableViewCell.swift */,
				83297FBD250B3E7900EC25FD /* UnitViewController.swift */,
				832748402608BFF900D8E547 /* SubjectsTableViewController.swift */,
				834C941526496AEB0092771A /* CalculationCollectionViewCell.swift */,
				8372D729266C666800423EE1 /* SettingsViewController.swift */,
				8372D740266C957200423EE1 /* HomeInfoTableViewCell.swift */,
				8390684E266D08BF00BB65E8 /* PresetsViewController.swift */,
				83906852266D0A4C00BB65E8 /* PresetsCollectionViewCell.swift */,
			);
			path = ViewControllers;
			sourceTree = "<group>";
		};
/* End PBXGroup section */

/* Begin PBXNativeTarget section */
		83297F9D250ADC6200EC25FD /* Academica */ = {
			isa = PBXNativeTarget;
			buildConfigurationList = 83297FB2250ADC6500EC25FD /* Build configuration list for PBXNativeTarget "Academica" */;
			buildPhases = (
				83297F9A250ADC6200EC25FD /* Sources */,
				83297F9B250ADC6200EC25FD /* Frameworks */,
				83297F9C250ADC6200EC25FD /* Resources */,
			);
			buildRules = (
			);
			dependencies = (
			);
			name = Academica;
			productName = Academica;
			productReference = 83297F9E250ADC6200EC25FD /* Academica.app */;
			productType = "com.apple.product-type.application";
		};
/* End PBXNativeTarget section */

/* Begin PBXProject section */
		83297F96250ADC6200EC25FD /* Project object */ = {
			isa = PBXProject;
			attributes = {
				LastSwiftUpdateCheck = 1160;
				LastUpgradeCheck = 1200;
				ORGANIZATIONNAME = "Ashwin Gupta";
				TargetAttributes = {
					83297F9D250ADC6200EC25FD = {
						CreatedOnToolsVersion = 11.6;
					};
				};
			};
			buildConfigurationList = 83297F99250ADC6200EC25FD /* Build configuration list for PBXProject "Academica" */;
			compatibilityVersion = "Xcode 9.3";
			developmentRegion = en;
			hasScannedForEncodings = 0;
			knownRegions = (
				en,
				Base,
			);
			mainGroup = 83297F95250ADC6200EC25FD;
			productRefGroup = 83297F9F250ADC6200EC25FD /* Products */;
			projectDirPath = "";
			projectRoot = "";
			targets = (
				83297F9D250ADC6200EC25FD /* Academica */,
			);
		};
/* End PBXProject section */

/* Begin PBXResourcesBuildPhase section */
		83297F9C250ADC6200EC25FD /* Resources */ = {
			isa = PBXResourcesBuildPhase;
			buildActionMask = 2147483647;
			files = (
				8372D72B266C6CA200423EE1 /* Academica.xcdatamodeld in Resources */,
				83297FAE250ADC6500EC25FD /* LaunchScreen.storyboard in Resources */,
				83297FAB250ADC6500EC25FD /* Assets.xcassets in Resources */,
				83297FA9250ADC6200EC25FD /* Main.storyboard in Resources */,
			);
			runOnlyForDeploymentPostprocessing = 0;
		};
/* End PBXResourcesBuildPhase section */

/* Begin PBXSourcesBuildPhase section */
		83297F9A250ADC6200EC25FD /* Sources */ = {
			isa = PBXSourcesBuildPhase;
			buildActionMask = 2147483647;
			files = (
				83297FC1250B3E7900EC25FD /* HomeViewController.swift in Sources */,
				8372D73C266C87BE00423EE1 /* Student+CoreDataClass.swift in Sources */,
				83297FA2250ADC6200EC25FD /* AppDelegate.swift in Sources */,
				830B6B27251A154E00BD53E4 /* DatabaseProtocol.swift in Sources */,
				8372D73E266C87BE00423EE1 /* Subject+CoreDataClass.swift in Sources */,
				830B6B2B251A17DE00BD53E4 /* CoreDataController.swift in Sources */,
				83906851266D091500BB65E8 /* WeightingTableViewCell.swift in Sources */,
				83906861266D13E200BB65E8 /* University+CoreDataClass.swift in Sources */,
				8372D73F266C87BE00423EE1 /* Subject+CoreDataProperties.swift in Sources */,
				83297FC0250B3E7900EC25FD /* UnitViewController.swift in Sources */,
				83297FA4250ADC6200EC25FD /* SceneDelegate.swift in Sources */,
				832748412608BFF900D8E547 /* SubjectsTableViewController.swift in Sources */,
				8372D72A266C666800423EE1 /* SettingsViewController.swift in Sources */,
				83297FC2250B3E7900EC25FD /* UnitTableViewCell.swift in Sources */,
				834C941626496AEB0092771A /* CalculationCollectionViewCell.swift in Sources */,
				8390684F266D08BF00BB65E8 /* PresetsViewController.swift in Sources */,
				830B6B29251A171E00BD53E4 /* MulticastDelegate.swift in Sources */,
				83906853266D0A4C00BB65E8 /* PresetsCollectionViewCell.swift in Sources */,
				8372D741266C957200423EE1 /* HomeInfoTableViewCell.swift in Sources */,
				8372D73D266C87BE00423EE1 /* Student+CoreDataProperties.swift in Sources */,
				83906862266D13E200BB65E8 /* University+CoreDataProperties.swift in Sources */,
			);
			runOnlyForDeploymentPostprocessing = 0;
		};
/* End PBXSourcesBuildPhase section */

/* Begin PBXVariantGroup section */
		83297FA7250ADC6200EC25FD /* Main.storyboard */ = {
			isa = PBXVariantGroup;
			children = (
				83297FA8250ADC6200EC25FD /* Base */,
			);
			name = Main.storyboard;
			sourceTree = "<group>";
		};
		83297FAC250ADC6500EC25FD /* LaunchScreen.storyboard */ = {
			isa = PBXVariantGroup;
			children = (
				83297FAD250ADC6500EC25FD /* Base */,
			);
			name = LaunchScreen.storyboard;
			sourceTree = "<group>";
		};
/* End PBXVariantGroup section */

/* Begin XCBuildConfiguration section */
		83297FB0250ADC6500EC25FD /* Debug */ = {
			isa = XCBuildConfiguration;
			buildSettings = {
				ALWAYS_SEARCH_USER_PATHS = NO;
				CLANG_ANALYZER_NONNULL = YES;
				CLANG_ANALYZER_NUMBER_OBJECT_CONVERSION = YES_AGGRESSIVE;
				CLANG_CXX_LANGUAGE_STANDARD = "gnu++14";
				CLANG_CXX_LIBRARY = "libc++";
				CLANG_ENABLE_MODULES = YES;
				CLANG_ENABLE_OBJC_ARC = YES;
				CLANG_ENABLE_OBJC_WEAK = YES;
				CLANG_WARN_BLOCK_CAPTURE_AUTORELEASING = YES;
				CLANG_WARN_BOOL_CONVERSION = YES;
				CLANG_WARN_COMMA = YES;
				CLANG_WARN_CONSTANT_CONVERSION = YES;
				CLANG_WARN_DEPRECATED_OBJC_IMPLEMENTATIONS = YES;
				CLANG_WARN_DIRECT_OBJC_ISA_USAGE = YES_ERROR;
				CLANG_WARN_DOCUMENTATION_COMMENTS = YES;
				CLANG_WARN_EMPTY_BODY = YES;
				CLANG_WARN_ENUM_CONVERSION = YES;
				CLANG_WARN_INFINITE_RECURSION = YES;
				CLANG_WARN_INT_CONVERSION = YES;
				CLANG_WARN_NON_LITERAL_NULL_CONVERSION = YES;
				CLANG_WARN_OBJC_IMPLICIT_RETAIN_SELF = YES;
				CLANG_WARN_OBJC_LITERAL_CONVERSION = YES;
				CLANG_WARN_OBJC_ROOT_CLASS = YES_ERROR;
				CLANG_WARN_QUOTED_INCLUDE_IN_FRAMEWORK_HEADER = YES;
				CLANG_WARN_RANGE_LOOP_ANALYSIS = YES;
				CLANG_WARN_STRICT_PROTOTYPES = YES;
				CLANG_WARN_SUSPICIOUS_MOVE = YES;
				CLANG_WARN_UNGUARDED_AVAILABILITY = YES_AGGRESSIVE;
				CLANG_WARN_UNREACHABLE_CODE = YES;
				CLANG_WARN__DUPLICATE_METHOD_MATCH = YES;
				COPY_PHASE_STRIP = NO;
				DEBUG_INFORMATION_FORMAT = dwarf;
				ENABLE_STRICT_OBJC_MSGSEND = YES;
				ENABLE_TESTABILITY = YES;
				GCC_C_LANGUAGE_STANDARD = gnu11;
				GCC_DYNAMIC_NO_PIC = NO;
				GCC_NO_COMMON_BLOCKS = YES;
				GCC_OPTIMIZATION_LEVEL = 0;
				GCC_PREPROCESSOR_DEFINITIONS = (
					"DEBUG=1",
					"$(inherited)",
				);
				GCC_WARN_64_TO_32_BIT_CONVERSION = YES;
				GCC_WARN_ABOUT_RETURN_TYPE = YES_ERROR;
				GCC_WARN_UNDECLARED_SELECTOR = YES;
				GCC_WARN_UNINITIALIZED_AUTOS = YES_AGGRESSIVE;
				GCC_WARN_UNUSED_FUNCTION = YES;
				GCC_WARN_UNUSED_VARIABLE = YES;
				IPHONEOS_DEPLOYMENT_TARGET = 13.0;
				MTL_ENABLE_DEBUG_INFO = INCLUDE_SOURCE;
				MTL_FAST_MATH = YES;
				ONLY_ACTIVE_ARCH = YES;
				SDKROOT = iphoneos;
				SWIFT_ACTIVE_COMPILATION_CONDITIONS = DEBUG;
				SWIFT_OPTIMIZATION_LEVEL = "-Onone";
			};
			name = Debug;
		};
		83297FB1250ADC6500EC25FD /* Release */ = {
			isa = XCBuildConfiguration;
			buildSettings = {
				ALWAYS_SEARCH_USER_PATHS = NO;
				CLANG_ANALYZER_NONNULL = YES;
				CLANG_ANALYZER_NUMBER_OBJECT_CONVERSION = YES_AGGRESSIVE;
				CLANG_CXX_LANGUAGE_STANDARD = "gnu++14";
				CLANG_CXX_LIBRARY = "libc++";
				CLANG_ENABLE_MODULES = YES;
				CLANG_ENABLE_OBJC_ARC = YES;
				CLANG_ENABLE_OBJC_WEAK = YES;
				CLANG_WARN_BLOCK_CAPTURE_AUTORELEASING = YES;
				CLANG_WARN_BOOL_CONVERSION = YES;
				CLANG_WARN_COMMA = YES;
				CLANG_WARN_CONSTANT_CONVERSION = YES;
				CLANG_WARN_DEPRECATED_OBJC_IMPLEMENTATIONS = YES;
				CLANG_WARN_DIRECT_OBJC_ISA_USAGE = YES_ERROR;
				CLANG_WARN_DOCUMENTATION_COMMENTS = YES;
				CLANG_WARN_EMPTY_BODY = YES;
				CLANG_WARN_ENUM_CONVERSION = YES;
				CLANG_WARN_INFINITE_RECURSION = YES;
				CLANG_WARN_INT_CONVERSION = YES;
				CLANG_WARN_NON_LITERAL_NULL_CONVERSION = YES;
				CLANG_WARN_OBJC_IMPLICIT_RETAIN_SELF = YES;
				CLANG_WARN_OBJC_LITERAL_CONVERSION = YES;
				CLANG_WARN_OBJC_ROOT_CLASS = YES_ERROR;
				CLANG_WARN_QUOTED_INCLUDE_IN_FRAMEWORK_HEADER = YES;
				CLANG_WARN_RANGE_LOOP_ANALYSIS = YES;
				CLANG_WARN_STRICT_PROTOTYPES = YES;
				CLANG_WARN_SUSPICIOUS_MOVE = YES;
				CLANG_WARN_UNGUARDED_AVAILABILITY = YES_AGGRESSIVE;
				CLANG_WARN_UNREACHABLE_CODE = YES;
				CLANG_WARN__DUPLICATE_METHOD_MATCH = YES;
				COPY_PHASE_STRIP = NO;
				DEBUG_INFORMATION_FORMAT = "dwarf-with-dsym";
				ENABLE_NS_ASSERTIONS = NO;
				ENABLE_STRICT_OBJC_MSGSEND = YES;
				GCC_C_LANGUAGE_STANDARD = gnu11;
				GCC_NO_COMMON_BLOCKS = YES;
				GCC_WARN_64_TO_32_BIT_CONVERSION = YES;
				GCC_WARN_ABOUT_RETURN_TYPE = YES_ERROR;
				GCC_WARN_UNDECLARED_SELECTOR = YES;
				GCC_WARN_UNINITIALIZED_AUTOS = YES_AGGRESSIVE;
				GCC_WARN_UNUSED_FUNCTION = YES;
				GCC_WARN_UNUSED_VARIABLE = YES;
				IPHONEOS_DEPLOYMENT_TARGET = 13.0;
				MTL_ENABLE_DEBUG_INFO = NO;
				MTL_FAST_MATH = YES;
				SDKROOT = iphoneos;
				SWIFT_COMPILATION_MODE = wholemodule;
				SWIFT_OPTIMIZATION_LEVEL = "-O";
				VALIDATE_PRODUCT = YES;
			};
			name = Release;
		};
		83297FB3250ADC6500EC25FD /* Debug */ = {
			isa = XCBuildConfiguration;
			buildSettings = {
				ASSETCATALOG_COMPILER_APPICON_NAME = AppIcon;
				CODE_SIGN_IDENTITY = "Apple Development";
				CODE_SIGN_STYLE = Automatic;
				DEVELOPMENT_TEAM = 55Y4QVCY2D;
				INFOPLIST_FILE = Academica/Info.plist;
				IPHONEOS_DEPLOYMENT_TARGET = 13.0;
				LD_RUNPATH_SEARCH_PATHS = (
					"$(inherited)",
					"@executable_path/Frameworks",
				);
				PRODUCT_BUNDLE_IDENTIFIER = "edu.ashwin-Gupta.Academica";
				PRODUCT_NAME = "$(TARGET_NAME)";
				PROVISIONING_PROFILE_SPECIFIER = "";
				SWIFT_VERSION = 5.0;
				TARGETED_DEVICE_FAMILY = 1;
			};
			name = Debug;
		};
		83297FB4250ADC6500EC25FD /* Release */ = {
			isa = XCBuildConfiguration;
			buildSettings = {
				ASSETCATALOG_COMPILER_APPICON_NAME = AppIcon;
				CODE_SIGN_IDENTITY = "Apple Development";
				CODE_SIGN_STYLE = Automatic;
				DEVELOPMENT_TEAM = 55Y4QVCY2D;
				INFOPLIST_FILE = Academica/Info.plist;
				IPHONEOS_DEPLOYMENT_TARGET = 13.0;
				LD_RUNPATH_SEARCH_PATHS = (
					"$(inherited)",
					"@executable_path/Frameworks",
				);
				PRODUCT_BUNDLE_IDENTIFIER = "edu.ashwin-Gupta.Academica";
				PRODUCT_NAME = "$(TARGET_NAME)";
				PROVISIONING_PROFILE_SPECIFIER = "";
				SWIFT_VERSION = 5.0;
				TARGETED_DEVICE_FAMILY = 1;
			};
			name = Release;
		};
/* End XCBuildConfiguration section */

/* Begin XCConfigurationList section */
		83297F99250ADC6200EC25FD /* Build configuration list for PBXProject "Academica" */ = {
			isa = XCConfigurationList;
			buildConfigurations = (
				83297FB0250ADC6500EC25FD /* Debug */,
				83297FB1250ADC6500EC25FD /* Release */,
			);
			defaultConfigurationIsVisible = 0;
			defaultConfigurationName = Release;
		};
		83297FB2250ADC6500EC25FD /* Build configuration list for PBXNativeTarget "Academica" */ = {
			isa = XCConfigurationList;
			buildConfigurations = (
				83297FB3250ADC6500EC25FD /* Debug */,
				83297FB4250ADC6500EC25FD /* Release */,
			);
			defaultConfigurationIsVisible = 0;
			defaultConfigurationName = Release;
		};
/* End XCConfigurationList section */

/* Begin XCVersionGroup section */
		830B6B1A251A128900BD53E4 /* Academica.xcdatamodeld */ = {
			isa = XCVersionGroup;
			children = (
				830B6B1B251A128900BD53E4 /* Academica.xcdatamodel */,
			);
			currentVersion = 830B6B1B251A128900BD53E4 /* Academica.xcdatamodel */;
			path = Academica.xcdatamodeld;
			sourceTree = "<group>";
			versionGroupType = wrapper.xcdatamodel;
		};
/* End XCVersionGroup section */
	};
	rootObject = 83297F96250ADC6200EC25FD /* Project object */;
}
